
Microsoft Visual Studio Solution File, Format Version 12.00
# Visual Studio Version 16
VisualStudioVersion = 16.0.29319.158
MinimumVisualStudioVersion = 10.0.40219.1
Project("{FAE04EC0-301F-11D3-BF4B-00C04F79EFBC}") = "Netextensions.Core", "Netextensions.Core.csproj", "{A63A64EA-AB02-4F52-9D66-B25C69432030}"
EndProject
Global
	GlobalSection(SolutionConfigurationPlatforms) = preSolution
		Debug|Any CPU = Debug|Any CPU
		Release|Any CPU = Release|Any CPU
	EndGlobalSection
	GlobalSection(ProjectConfigurationPlatforms) = postSolution
		{A63A64EA-AB02-4F52-9D66-B25C69432030}.Debug|Any CPU.ActiveCfg = Debug|Any CPU
		{A63A64EA-AB02-4F52-9D66-B25C69432030}.Debug|Any CPU.Build.0 = Debug|Any CPU
		{A63A64EA-AB02-4F52-9D66-B25C69432030}.Release|Any CPU.ActiveCfg = Release|Any CPU
		{A63A64EA-AB02-4F52-9D66-B25C69432030}.Release|Any CPU.Build.0 = Release|Any CPU
	EndGlobalSection
	GlobalSection(SolutionProperties) = preSolution
		HideSolutionNode = FALSE
	EndGlobalSection
	GlobalSection(ExtensibilityGlobals) = postSolution
		SolutionGuid = {D6244070-4B65-401C-AC1A-73479E5439F6}
	EndGlobalSection
EndGlobal
